
Microsoft Visual Studio Solution File, Format Version 12.00
# Visual Studio 15
VisualStudioVersion = 15.0.28307.271
MinimumVisualStudioVersion = 10.0.40219.1
Project("{FAE04EC0-301F-11D3-BF4B-00C04F79EFBC}") = "APIWithUnityIoC", "APIWithUnityIoC\APIWithUnityIoC.csproj", "{7A99754E-DBDB-477F-A136-9D7F0A58374F}"
EndProject
Project("{FAE04EC0-301F-11D3-BF4B-00C04F79EFBC}") = "Models", "Models\Models.csproj", "{D749FB73-A8CF-4F01-AF70-2E3FDD6E8160}"
EndProject
Project("{FAE04EC0-301F-11D3-BF4B-00C04F79EFBC}") = "DataAccess", "DataAccess\DataAccess.csproj", "{3ABB09D4-30DF-4710-8C7D-930B922B24A4}"
EndProject
Project("{FAE04EC0-301F-11D3-BF4B-00C04F79EFBC}") = "Services", "Services\Services.csproj", "{0685E25C-2842-4AAD-B198-84D38A565CAC}"
EndProject
Global
	GlobalSection(SolutionConfigurationPlatforms) = preSolution
		Debug|Any CPU = Debug|Any CPU
		Release|Any CPU = Release|Any CPU
	EndGlobalSection
	GlobalSection(ProjectConfigurationPlatforms) = postSolution
		{7A99754E-DBDB-477F-A136-9D7F0A58374F}.Debug|Any CPU.ActiveCfg = Debug|Any CPU
		{7A99754E-DBDB-477F-A136-9D7F0A58374F}.Debug|Any CPU.Build.0 = Debug|Any CPU
		{7A99754E-DBDB-477F-A136-9D7F0A58374F}.Release|Any CPU.ActiveCfg = Release|Any CPU
		{7A99754E-DBDB-477F-A136-9D7F0A58374F}.Release|Any CPU.Build.0 = Release|Any CPU
		{D749FB73-A8CF-4F01-AF70-2E3FDD6E8160}.Debug|Any CPU.ActiveCfg = Debug|Any CPU
		{D749FB73-A8CF-4F01-AF70-2E3FDD6E8160}.Debug|Any CPU.Build.0 = Debug|Any CPU
		{D749FB73-A8CF-4F01-AF70-2E3FDD6E8160}.Release|Any CPU.ActiveCfg = Release|Any CPU
		{D749FB73-A8CF-4F01-AF70-2E3FDD6E8160}.Release|Any CPU.Build.0 = Release|Any CPU
		{3ABB09D4-30DF-4710-8C7D-930B922B24A4}.Debug|Any CPU.ActiveCfg = Debug|Any CPU
		{3ABB09D4-30DF-4710-8C7D-930B922B24A4}.Debug|Any CPU.Build.0 = Debug|Any CPU
		{3ABB09D4-30DF-4710-8C7D-930B922B24A4}.Release|Any CPU.ActiveCfg = Release|Any CPU
		{3ABB09D4-30DF-4710-8C7D-930B922B24A4}.Release|Any CPU.Build.0 = Release|Any CPU
		{0685E25C-2842-4AAD-B198-84D38A565CAC}.Debug|Any CPU.ActiveCfg = Debug|Any CPU
		{0685E25C-2842-4AAD-B198-84D38A565CAC}.Debug|Any CPU.Build.0 = Debug|Any CPU
		{0685E25C-2842-4AAD-B198-84D38A565CAC}.Release|Any CPU.ActiveCfg = Release|Any CPU
		{0685E25C-2842-4AAD-B198-84D38A565CAC}.Release|Any CPU.Build.0 = Release|Any CPU
	EndGlobalSection
	GlobalSection(SolutionProperties) = preSolution
		HideSolutionNode = FALSE
	EndGlobalSection
	GlobalSection(ExtensibilityGlobals) = postSolution
		SolutionGuid = {F2D563E0-47DF-481C-80CB-9AB8E30EE24A}
	EndGlobalSection
EndGlobal
